// !$*UTF8*$!
{
	archiveVersion = 1;
	classes = {
	};
	objectVersion = 51;
	objects = {

/* Begin PBXBuildFile section */
		B572995C27C794F50087C84D /* AppDelegate.swift in Sources */ = {isa = PBXBuildFile; fileRef = B572995B27C794F50087C84D /* AppDelegate.swift */; };
		B572995E27C794F50087C84D /* SceneDelegate.swift in Sources */ = {isa = PBXBuildFile; fileRef = B572995D27C794F50087C84D /* SceneDelegate.swift */; };
		B572996027C794F50087C84D /* TableViewController.swift in Sources */ = {isa = PBXBuildFile; fileRef = B572995F27C794F50087C84D /* TableViewController.swift */; };
		B572996327C794F50087C84D /* Main.storyboard in Resources */ = {isa = PBXBuildFile; fileRef = B572996127C794F50087C84D /* Main.storyboard */; };
		B572996527C794F80087C84D /* Assets.xcassets in Resources */ = {isa = PBXBuildFile; fileRef = B572996427C794F80087C84D /* Assets.xcassets */; };
		B572996827C794F80087C84D /* LaunchScreen.storyboard in Resources */ = {isa = PBXBuildFile; fileRef = B572996627C794F80087C84D /* LaunchScreen.storyboard */; };
		B572997127D0E11C0087C84D /* CustomTableViewCell.swift in Sources */ = {isa = PBXBuildFile; fileRef = B572997027D0E11C0087C84D /* CustomTableViewCell.swift */; };
		B57299AC27D799490087C84D /* PlaceModel.swift in Sources */ = {isa = PBXBuildFile; fileRef = B57299AB27D799490087C84D /* PlaceModel.swift */; };
		B57299AF27D7A2510087C84D /* NewPlacesViewController.swift in Sources */ = {isa = PBXBuildFile; fileRef = B57299AE27D7A2510087C84D /* NewPlacesViewController.swift */; };
		B57299CE27D92D840087C84D /* StorageManager.swift in Sources */ = {isa = PBXBuildFile; fileRef = B57299CD27D92D840087C84D /* StorageManager.swift */; };
		FDD426BA73FD92398D20AF2D /* Pods_MyPlaces.framework in Frameworks */ = {isa = PBXBuildFile; fileRef = 75667C9D8256F36DBA6B97B9 /* Pods_MyPlaces.framework */; };
/* End PBXBuildFile section */

/* Begin PBXFileReference section */
		75667C9D8256F36DBA6B97B9 /* Pods_MyPlaces.framework */ = {isa = PBXFileReference; explicitFileType = wrapper.framework; includeInIndex = 0; path = Pods_MyPlaces.framework; sourceTree = BUILT_PRODUCTS_DIR; };
		98E081B8861B02DEB87C7E99 /* Pods-MyPlaces.debug.xcconfig */ = {isa = PBXFileReference; includeInIndex = 1; lastKnownFileType = text.xcconfig; name = "Pods-MyPlaces.debug.xcconfig"; path = "Target Support Files/Pods-MyPlaces/Pods-MyPlaces.debug.xcconfig"; sourceTree = "<group>"; };
		B572995827C794F50087C84D /* MyPlaces.app */ = {isa = PBXFileReference; explicitFileType = wrapper.application; includeInIndex = 0; path = MyPlaces.app; sourceTree = BUILT_PRODUCTS_DIR; };
		B572995B27C794F50087C84D /* AppDelegate.swift */ = {isa = PBXFileReference; lastKnownFileType = sourcecode.swift; path = AppDelegate.swift; sourceTree = "<group>"; };
		B572995D27C794F50087C84D /* SceneDelegate.swift */ = {isa = PBXFileReference; lastKnownFileType = sourcecode.swift; path = SceneDelegate.swift; sourceTree = "<group>"; };
		B572995F27C794F50087C84D /* TableViewController.swift */ = {isa = PBXFileReference; lastKnownFileType = sourcecode.swift; path = TableViewController.swift; sourceTree = "<group>"; };
		B572996227C794F50087C84D /* Base */ = {isa = PBXFileReference; lastKnownFileType = file.storyboard; name = Base; path = Base.lproj/Main.storyboard; sourceTree = "<group>"; };
		B572996427C794F80087C84D /* Assets.xcassets */ = {isa = PBXFileReference; lastKnownFileType = folder.assetcatalog; path = Assets.xcassets; sourceTree = "<group>"; };
		B572996727C794F80087C84D /* Base */ = {isa = PBXFileReference; lastKnownFileType = file.storyboard; name = Base; path = Base.lproj/LaunchScreen.storyboard; sourceTree = "<group>"; };
		B572996927C794F80087C84D /* Info.plist */ = {isa = PBXFileReference; lastKnownFileType = text.plist.xml; path = Info.plist; sourceTree = "<group>"; };
		B572997027D0E11C0087C84D /* CustomTableViewCell.swift */ = {isa = PBXFileReference; lastKnownFileType = sourcecode.swift; path = CustomTableViewCell.swift; sourceTree = "<group>"; };
		B57299AB27D799490087C84D /* PlaceModel.swift */ = {isa = PBXFileReference; lastKnownFileType = sourcecode.swift; path = PlaceModel.swift; sourceTree = "<group>"; };
		B57299AE27D7A2510087C84D /* NewPlacesViewController.swift */ = {isa = PBXFileReference; lastKnownFileType = sourcecode.swift; path = NewPlacesViewController.swift; sourceTree = "<group>"; };
		B57299CD27D92D840087C84D /* StorageManager.swift */ = {isa = PBXFileReference; lastKnownFileType = sourcecode.swift; path = StorageManager.swift; sourceTree = "<group>"; };
		F6D28A4C44C3CEDBE38196ED /* Pods-MyPlaces.release.xcconfig */ = {isa = PBXFileReference; includeInIndex = 1; lastKnownFileType = text.xcconfig; name = "Pods-MyPlaces.release.xcconfig"; path = "Target Support Files/Pods-MyPlaces/Pods-MyPlaces.release.xcconfig"; sourceTree = "<group>"; };
/* End PBXFileReference section */

/* Begin PBXFrameworksBuildPhase section */
		B572995527C794F50087C84D /* Frameworks */ = {
			isa = PBXFrameworksBuildPhase;
			buildActionMask = 2147483647;
			files = (
				FDD426BA73FD92398D20AF2D /* Pods_MyPlaces.framework in Frameworks */,
			);
			runOnlyForDeploymentPostprocessing = 0;
		};
/* End PBXFrameworksBuildPhase section */

/* Begin PBXGroup section */
		2ABEF7AF2FDCF91C5D7367F9 /* Pods */ = {
			isa = PBXGroup;
			children = (
				98E081B8861B02DEB87C7E99 /* Pods-MyPlaces.debug.xcconfig */,
				F6D28A4C44C3CEDBE38196ED /* Pods-MyPlaces.release.xcconfig */,
			);
			path = Pods;
			sourceTree = "<group>";
		};
		84505C177940478D006C4EFA /* Frameworks */ = {
			isa = PBXGroup;
			children = (
				75667C9D8256F36DBA6B97B9 /* Pods_MyPlaces.framework */,
			);
			name = Frameworks;
			sourceTree = "<group>";
		};
		B572994F27C794F50087C84D = {
			isa = PBXGroup;
			children = (
				B572995A27C794F50087C84D /* MyPlaces */,
				B572995927C794F50087C84D /* Products */,
				2ABEF7AF2FDCF91C5D7367F9 /* Pods */,
				84505C177940478D006C4EFA /* Frameworks */,
			);
			sourceTree = "<group>";
		};
		B572995927C794F50087C84D /* Products */ = {
			isa = PBXGroup;
			children = (
				B572995827C794F50087C84D /* MyPlaces.app */,
			);
			name = Products;
			sourceTree = "<group>";
		};
		B572995A27C794F50087C84D /* MyPlaces */ = {
			isa = PBXGroup;
			children = (
				B572995B27C794F50087C84D /* AppDelegate.swift */,
				B572995D27C794F50087C84D /* SceneDelegate.swift */,
				B57299C127D924AC0087C84D /* Controllers */,
				B57299C327D924B90087C84D /* Model */,
				B57299C527D924BF0087C84D /* View */,
				B572996427C794F80087C84D /* Assets.xcassets */,
				B572996927C794F80087C84D /* Info.plist */,
			);
			path = MyPlaces;
			sourceTree = "<group>";
		};
		B57299C127D924AC0087C84D /* Controllers */ = {
			isa = PBXGroup;
			children = (
				B572995F27C794F50087C84D /* TableViewController.swift */,
				B57299AE27D7A2510087C84D /* NewPlacesViewController.swift */,
				B572997027D0E11C0087C84D /* CustomTableViewCell.swift */,
			);
			path = Controllers;
			sourceTree = "<group>";
		};
		B57299C327D924B90087C84D /* Model */ = {
			isa = PBXGroup;
			children = (
				B57299AB27D799490087C84D /* PlaceModel.swift */,
				B57299CD27D92D840087C84D /* StorageManager.swift */,
			);
			path = Model;
			sourceTree = "<group>";
		};
		B57299C527D924BF0087C84D /* View */ = {
			isa = PBXGroup;
			children = (
				B572996127C794F50087C84D /* Main.storyboard */,
				B572996627C794F80087C84D /* LaunchScreen.storyboard */,
			);
			path = View;
			sourceTree = "<group>";
		};
/* End PBXGroup section */

/* Begin PBXNativeTarget section */
		B572995727C794F50087C84D /* MyPlaces */ = {
			isa = PBXNativeTarget;
			buildConfigurationList = B572996C27C794F80087C84D /* Build configuration list for PBXNativeTarget "MyPlaces" */;
			buildPhases = (
				D16BD2FF8B8FD9DA172BA624 /* [CP] Check Pods Manifest.lock */,
				B572995427C794F50087C84D /* Sources */,
				B572995527C794F50087C84D /* Frameworks */,
				B572995627C794F50087C84D /* Resources */,
				9E13863D4315FB1BCC38FE28 /* [CP] Embed Pods Frameworks */,
			);
			buildRules = (
			);
			dependencies = (
			);
			name = MyPlaces;
			productName = MyPlaces;
			productReference = B572995827C794F50087C84D /* MyPlaces.app */;
			productType = "com.apple.product-type.application";
		};
/* End PBXNativeTarget section */

/* Begin PBXProject section */
		B572995027C794F50087C84D /* Project object */ = {
			isa = PBXProject;
			attributes = {
				LastSwiftUpdateCheck = 1240;
				LastUpgradeCheck = 1240;
				TargetAttributes = {
					B572995727C794F50087C84D = {
						CreatedOnToolsVersion = 12.4;
					};
				};
			};
			buildConfigurationList = B572995327C794F50087C84D /* Build configuration list for PBXProject "MyPlaces" */;
			compatibilityVersion = "Xcode 9.3";
			developmentRegion = en;
			hasScannedForEncodings = 0;
			knownRegions = (
				en,
				Base,
			);
			mainGroup = B572994F27C794F50087C84D;
			productRefGroup = B572995927C794F50087C84D /* Products */;
			projectDirPath = "";
			projectRoot = "";
			targets = (
				B572995727C794F50087C84D /* MyPlaces */,
			);
		};
/* End PBXProject section */

/* Begin PBXResourcesBuildPhase section */
		B572995627C794F50087C84D /* Resources */ = {
			isa = PBXResourcesBuildPhase;
			buildActionMask = 2147483647;
			files = (
				B572996827C794F80087C84D /* LaunchScreen.storyboard in Resources */,
				B572996527C794F80087C84D /* Assets.xcassets in Resources */,
				B572996327C794F50087C84D /* Main.storyboard in Resources */,
			);
			runOnlyForDeploymentPostprocessing = 0;
		};
/* End PBXResourcesBuildPhase section */

/* Begin PBXShellScriptBuildPhase section */
		9E13863D4315FB1BCC38FE28 /* [CP] Embed Pods Frameworks */ = {
			isa = PBXShellScriptBuildPhase;
			buildActionMask = 2147483647;
			files = (
			);
			inputFileListPaths = (
				"${PODS_ROOT}/Target Support Files/Pods-MyPlaces/Pods-MyPlaces-frameworks-${CONFIGURATION}-input-files.xcfilelist",
			);
			name = "[CP] Embed Pods Frameworks";
			outputFileListPaths = (
				"${PODS_ROOT}/Target Support Files/Pods-MyPlaces/Pods-MyPlaces-frameworks-${CONFIGURATION}-output-files.xcfilelist",
			);
			runOnlyForDeploymentPostprocessing = 0;
			shellPath = /bin/sh;
			shellScript = "\"${PODS_ROOT}/Target Support Files/Pods-MyPlaces/Pods-MyPlaces-frameworks.sh\"\n";
			showEnvVarsInLog = 0;
		};
		D16BD2FF8B8FD9DA172BA624 /* [CP] Check Pods Manifest.lock */ = {
			isa = PBXShellScriptBuildPhase;
			buildActionMask = 2147483647;
			files = (
			);
			inputFileListPaths = (
			);
			inputPaths = (
				"${PODS_PODFILE_DIR_PATH}/Podfile.lock",
				"${PODS_ROOT}/Manifest.lock",
			);
			name = "[CP] Check Pods Manifest.lock";
			outputFileListPaths = (
			);
			outputPaths = (
				"$(DERIVED_FILE_DIR)/Pods-MyPlaces-checkManifestLockResult.txt",
			);
			runOnlyForDeploymentPostprocessing = 0;
			shellPath = /bin/sh;
			shellScript = "diff \"${PODS_PODFILE_DIR_PATH}/Podfile.lock\" \"${PODS_ROOT}/Manifest.lock\" > /dev/null\nif [ $? != 0 ] ; then\n    # print error to STDERR\n    echo \"error: The sandbox is not in sync with the Podfile.lock. Run 'pod install' or update your CocoaPods installation.\" >&2\n    exit 1\nfi\n# This output is used by Xcode 'outputs' to avoid re-running this script phase.\necho \"SUCCESS\" > \"${SCRIPT_OUTPUT_FILE_0}\"\n";
			showEnvVarsInLog = 0;
		};
/* End PBXShellScriptBuildPhase section */

/* Begin PBXSourcesBuildPhase section */
		B572995427C794F50087C84D /* Sources */ = {
			isa = PBXSourcesBuildPhase;
			buildActionMask = 2147483647;
			files = (
				B572996027C794F50087C84D /* TableViewController.swift in Sources */,
				B572995C27C794F50087C84D /* AppDelegate.swift in Sources */,
				B57299AC27D799490087C84D /* PlaceModel.swift in Sources */,
				B57299CE27D92D840087C84D /* StorageManager.swift in Sources */,
				B572997127D0E11C0087C84D /* CustomTableViewCell.swift in Sources */,
				B572995E27C794F50087C84D /* SceneDelegate.swift in Sources */,
				B57299AF27D7A2510087C84D /* NewPlacesViewController.swift in Sources */,
			);
			runOnlyForDeploymentPostprocessing = 0;
		};
/* End PBXSourcesBuildPhase section */

/* Begin PBXVariantGroup section */
		B572996127C794F50087C84D /* Main.storyboard */ = {
			isa = PBXVariantGroup;
			children = (
				B572996227C794F50087C84D /* Base */,
			);
			name = Main.storyboard;
			sourceTree = "<group>";
		};
		B572996627C794F80087C84D /* LaunchScreen.storyboard */ = {
			isa = PBXVariantGroup;
			children = (
				B572996727C794F80087C84D /* Base */,
			);
			name = LaunchScreen.storyboard;
			sourceTree = "<group>";
		};
/* End PBXVariantGroup section */

/* Begin XCBuildConfiguration section */
		B572996A27C794F80087C84D /* Debug */ = {
			isa = XCBuildConfiguration;
			buildSettings = {
				ALWAYS_SEARCH_USER_PATHS = NO;
				CLANG_ANALYZER_NONNULL = YES;
				CLANG_ANALYZER_NUMBER_OBJECT_CONVERSION = YES_AGGRESSIVE;
				CLANG_CXX_LANGUAGE_STANDARD = "gnu++14";
				CLANG_CXX_LIBRARY = "libc++";
				CLANG_ENABLE_MODULES = YES;
				CLANG_ENABLE_OBJC_ARC = YES;
				CLANG_ENABLE_OBJC_WEAK = YES;
				CLANG_WARN_BLOCK_CAPTURE_AUTORELEASING = YES;
				CLANG_WARN_BOOL_CONVERSION = YES;
				CLANG_WARN_COMMA = YES;
				CLANG_WARN_CONSTANT_CONVERSION = YES;
				CLANG_WARN_DEPRECATED_OBJC_IMPLEMENTATIONS = YES;
				CLANG_WARN_DIRECT_OBJC_ISA_USAGE = YES_ERROR;
				CLANG_WARN_DOCUMENTATION_COMMENTS = YES;
				CLANG_WARN_EMPTY_BODY = YES;
				CLANG_WARN_ENUM_CONVERSION = YES;
				CLANG_WARN_INFINITE_RECURSION = YES;
				CLANG_WARN_INT_CONVERSION = YES;
				CLANG_WARN_NON_LITERAL_NULL_CONVERSION = YES;
				CLANG_WARN_OBJC_IMPLICIT_RETAIN_SELF = YES;
				CLANG_WARN_OBJC_LITERAL_CONVERSION = YES;
				CLANG_WARN_OBJC_ROOT_CLASS = YES_ERROR;
				CLANG_WARN_QUOTED_INCLUDE_IN_FRAMEWORK_HEADER = YES;
				CLANG_WARN_RANGE_LOOP_ANALYSIS = YES;
				CLANG_WARN_STRICT_PROTOTYPES = YES;
				CLANG_WARN_SUSPICIOUS_MOVE = YES;
				CLANG_WARN_UNGUARDED_AVAILABILITY = YES_AGGRESSIVE;
				CLANG_WARN_UNREACHABLE_CODE = YES;
				CLANG_WARN__DUPLICATE_METHOD_MATCH = YES;
				COPY_PHASE_STRIP = NO;
				DEBUG_INFORMATION_FORMAT = dwarf;
				ENABLE_STRICT_OBJC_MSGSEND = YES;
				ENABLE_TESTABILITY = YES;
				GCC_C_LANGUAGE_STANDARD = gnu11;
				GCC_DYNAMIC_NO_PIC = NO;
				GCC_NO_COMMON_BLOCKS = YES;
				GCC_OPTIMIZATION_LEVEL = 0;
				GCC_PREPROCESSOR_DEFINITIONS = (
					"DEBUG=1",
					"$(inherited)",
				);
				GCC_WARN_64_TO_32_BIT_CONVERSION = YES;
				GCC_WARN_ABOUT_RETURN_TYPE = YES_ERROR;
				GCC_WARN_UNDECLARED_SELECTOR = YES;
				GCC_WARN_UNINITIALIZED_AUTOS = YES_AGGRESSIVE;
				GCC_WARN_UNUSED_FUNCTION = YES;
				GCC_WARN_UNUSED_VARIABLE = YES;
				IPHONEOS_DEPLOYMENT_TARGET = 14.4;
				MTL_ENABLE_DEBUG_INFO = INCLUDE_SOURCE;
				MTL_FAST_MATH = YES;
				ONLY_ACTIVE_ARCH = YES;
				SDKROOT = iphoneos;
				SWIFT_ACTIVE_COMPILATION_CONDITIONS = DEBUG;
				SWIFT_OPTIMIZATION_LEVEL = "-Onone";
			};
			name = Debug;
		};
		B572996B27C794F80087C84D /* Release */ = {
			isa = XCBuildConfiguration;
			buildSettings = {
				ALWAYS_SEARCH_USER_PATHS = NO;
				CLANG_ANALYZER_NONNULL = YES;
				CLANG_ANALYZER_NUMBER_OBJECT_CONVERSION = YES_AGGRESSIVE;
				CLANG_CXX_LANGUAGE_STANDARD = "gnu++14";
				CLANG_CXX_LIBRARY = "libc++";
				CLANG_ENABLE_MODULES = YES;
				CLANG_ENABLE_OBJC_ARC = YES;
				CLANG_ENABLE_OBJC_WEAK = YES;
				CLANG_WARN_BLOCK_CAPTURE_AUTORELEASING = YES;
				CLANG_WARN_BOOL_CONVERSION = YES;
				CLANG_WARN_COMMA = YES;
				CLANG_WARN_CONSTANT_CONVERSION = YES;
				CLANG_WARN_DEPRECATED_OBJC_IMPLEMENTATIONS = YES;
				CLANG_WARN_DIRECT_OBJC_ISA_USAGE = YES_ERROR;
				CLANG_WARN_DOCUMENTATION_COMMENTS = YES;
				CLANG_WARN_EMPTY_BODY = YES;
				CLANG_WARN_ENUM_CONVERSION = YES;
				CLANG_WARN_INFINITE_RECURSION = YES;
				CLANG_WARN_INT_CONVERSION = YES;
				CLANG_WARN_NON_LITERAL_NULL_CONVERSION = YES;
				CLANG_WARN_OBJC_IMPLICIT_RETAIN_SELF = YES;
				CLANG_WARN_OBJC_LITERAL_CONVERSION = YES;
				CLANG_WARN_OBJC_ROOT_CLASS = YES_ERROR;
				CLANG_WARN_QUOTED_INCLUDE_IN_FRAMEWORK_HEADER = YES;
				CLANG_WARN_RANGE_LOOP_ANALYSIS = YES;
				CLANG_WARN_STRICT_PROTOTYPES = YES;
				CLANG_WARN_SUSPICIOUS_MOVE = YES;
				CLANG_WARN_UNGUARDED_AVAILABILITY = YES_AGGRESSIVE;
				CLANG_WARN_UNREACHABLE_CODE = YES;
				CLANG_WARN__DUPLICATE_METHOD_MATCH = YES;
				COPY_PHASE_STRIP = NO;
				DEBUG_INFORMATION_FORMAT = "dwarf-with-dsym";
				ENABLE_NS_ASSERTIONS = NO;
				ENABLE_STRICT_OBJC_MSGSEND = YES;
				GCC_C_LANGUAGE_STANDARD = gnu11;
				GCC_NO_COMMON_BLOCKS = YES;
				GCC_WARN_64_TO_32_BIT_CONVERSION = YES;
				GCC_WARN_ABOUT_RETURN_TYPE = YES_ERROR;
				GCC_WARN_UNDECLARED_SELECTOR = YES;
				GCC_WARN_UNINITIALIZED_AUTOS = YES_AGGRESSIVE;
				GCC_WARN_UNUSED_FUNCTION = YES;
				GCC_WARN_UNUSED_VARIABLE = YES;
				IPHONEOS_DEPLOYMENT_TARGET = 14.4;
				MTL_ENABLE_DEBUG_INFO = NO;
				MTL_FAST_MATH = YES;
				SDKROOT = iphoneos;
				SWIFT_COMPILATION_MODE = wholemodule;
				SWIFT_OPTIMIZATION_LEVEL = "-O";
				VALIDATE_PRODUCT = YES;
			};
			name = Release;
		};
		B572996D27C794F80087C84D /* Debug */ = {
			isa = XCBuildConfiguration;
			baseConfigurationReference = 98E081B8861B02DEB87C7E99 /* Pods-MyPlaces.debug.xcconfig */;
			buildSettings = {
				ASSETCATALOG_COMPILER_APPICON_NAME = AppIcon;
				ASSETCATALOG_COMPILER_GLOBAL_ACCENT_COLOR_NAME = AccentColor;
				CODE_SIGN_STYLE = Automatic;
				DEVELOPMENT_TEAM = S8VC9ZSJXF;
				INFOPLIST_FILE = MyPlaces/Info.plist;
				LD_RUNPATH_SEARCH_PATHS = (
					"$(inherited)",
					"@executable_path/Frameworks",
				);
				PRODUCT_BUNDLE_IDENTIFIER = com.nur.MyPlaces;
				PRODUCT_NAME = "$(TARGET_NAME)";
				SWIFT_VERSION = 5.0;
				TARGETED_DEVICE_FAMILY = "1,2";
			};
			name = Debug;
		};
		B572996E27C794F80087C84D /* Release */ = {
			isa = XCBuildConfiguration;
			baseConfigurationReference = F6D28A4C44C3CEDBE38196ED /* Pods-MyPlaces.release.xcconfig */;
			buildSettings = {
				ASSETCATALOG_COMPILER_APPICON_NAME = AppIcon;
				ASSETCATALOG_COMPILER_GLOBAL_ACCENT_COLOR_NAME = AccentColor;
				CODE_SIGN_STYLE = Automatic;
				DEVELOPMENT_TEAM = S8VC9ZSJXF;
				INFOPLIST_FILE = MyPlaces/Info.plist;
				LD_RUNPATH_SEARCH_PATHS = (
					"$(inherited)",
					"@executable_path/Frameworks",
				);
				PRODUCT_BUNDLE_IDENTIFIER = com.nur.MyPlaces;
				PRODUCT_NAME = "$(TARGET_NAME)";
				SWIFT_VERSION = 5.0;
				TARGETED_DEVICE_FAMILY = "1,2";
			};
			name = Release;
		};
/* End XCBuildConfiguration section */

/* Begin XCConfigurationList section */
		B572995327C794F50087C84D /* Build configuration list for PBXProject "MyPlaces" */ = {
			isa = XCConfigurationList;
			buildConfigurations = (
				B572996A27C794F80087C84D /* Debug */,
				B572996B27C794F80087C84D /* Release */,
			);
			defaultConfigurationIsVisible = 0;
			defaultConfigurationName = Release;
		};
		B572996C27C794F80087C84D /* Build configuration list for PBXNativeTarget "MyPlaces" */ = {
			isa = XCConfigurationList;
			buildConfigurations = (
				B572996D27C794F80087C84D /* Debug */,
				B572996E27C794F80087C84D /* Release */,
			);
			defaultConfigurationIsVisible = 0;
			defaultConfigurationName = Release;
		};
/* End XCConfigurationList section */
	};
	rootObject = B572995027C794F50087C84D /* Project object */;
}
